// !$*UTF8*$!
{
	archiveVersion = 1;
	classes = {
	};
	objectVersion = 46;
	objects = {

/* Begin PBXBuildFile section */
		365566E11B84B2F600AA1C20 /* main.m in Sources */ = {isa = PBXBuildFile; fileRef = 365566E01B84B2F600AA1C20 /* main.m */; };
		365566E41B84B2F600AA1C20 /* AppDelegate.m in Sources */ = {isa = PBXBuildFile; fileRef = 365566E31B84B2F600AA1C20 /* AppDelegate.m */; };
		365566E71B84B2F600AA1C20 /* ViewController.m in Sources */ = {isa = PBXBuildFile; fileRef = 365566E61B84B2F600AA1C20 /* ViewController.m */; };
		365566EA1B84B2F600AA1C20 /* Main.storyboard in Resources */ = {isa = PBXBuildFile; fileRef = 365566E81B84B2F600AA1C20 /* Main.storyboard */; };
		365566EC1B84B2F600AA1C20 /* Images.xcassets in Resources */ = {isa = PBXBuildFile; fileRef = 365566EB1B84B2F600AA1C20 /* Images.xcassets */; };
		365566EF1B84B2F600AA1C20 /* LaunchScreen.xib in Resources */ = {isa = PBXBuildFile; fileRef = 365566ED1B84B2F600AA1C20 /* LaunchScreen.xib */; };
		365566FB1B84B2F600AA1C20 /* JenkinsDemoTests.m in Sources */ = {isa = PBXBuildFile; fileRef = 365566FA1B84B2F600AA1C20 /* JenkinsDemoTests.m */; };
/* End PBXBuildFile section */

/* Begin PBXContainerItemProxy section */
		365566F51B84B2F600AA1C20 /* PBXContainerItemProxy */ = {
			isa = PBXContainerItemProxy;
			containerPortal = 365566D31B84B2F500AA1C20 /* Project object */;
			proxyType = 1;
			remoteGlobalIDString = 365566DA1B84B2F500AA1C20;
			remoteInfo = JenkinsDemo;
		};
/* End PBXContainerItemProxy section */

/* Begin PBXFileReference section */
		365566DB1B84B2F600AA1C20 /* JenkinsDemo.app */ = {isa = PBXFileReference; explicitFileType = wrapper.application; includeInIndex = 0; path = JenkinsDemo.app; sourceTree = BUILT_PRODUCTS_DIR; };
		365566DF1B84B2F600AA1C20 /* Info.plist */ = {isa = PBXFileReference; lastKnownFileType = text.plist.xml; path = Info.plist; sourceTree = "<group>"; };
		365566E01B84B2F600AA1C20 /* main.m */ = {isa = PBXFileReference; lastKnownFileType = sourcecode.c.objc; path = main.m; sourceTree = "<group>"; };
		365566E21B84B2F600AA1C20 /* AppDelegate.h */ = {isa = PBXFileReference; lastKnownFileType = sourcecode.c.h; path = AppDelegate.h; sourceTree = "<group>"; };
		365566E31B84B2F600AA1C20 /* AppDelegate.m */ = {isa = PBXFileReference; lastKnownFileType = sourcecode.c.objc; path = AppDelegate.m; sourceTree = "<group>"; };
		365566E51B84B2F600AA1C20 /* ViewController.h */ = {isa = PBXFileReference; lastKnownFileType = sourcecode.c.h; path = ViewController.h; sourceTree = "<group>"; };
		365566E61B84B2F600AA1C20 /* ViewController.m */ = {isa = PBXFileReference; lastKnownFileType = sourcecode.c.objc; path = ViewController.m; sourceTree = "<group>"; };
		365566E91B84B2F600AA1C20 /* Base */ = {isa = PBXFileReference; lastKnownFileType = file.storyboard; name = Base; path = Base.lproj/Main.storyboard; sourceTree = "<group>"; };
		365566EB1B84B2F600AA1C20 /* Images.xcassets */ = {isa = PBXFileReference; lastKnownFileType = folder.assetcatalog; path = Images.xcassets; sourceTree = "<group>"; };
		365566EE1B84B2F600AA1C20 /* Base */ = {isa = PBXFileReference; lastKnownFileType = file.xib; name = Base; path = Base.lproj/LaunchScreen.xib; sourceTree = "<group>"; };
		365566F41B84B2F600AA1C20 /* JenkinsDemoTests.xctest */ = {isa = PBXFileReference; explicitFileType = wrapper.cfbundle; includeInIndex = 0; path = JenkinsDemoTests.xctest; sourceTree = BUILT_PRODUCTS_DIR; };
		365566F91B84B2F600AA1C20 /* Info.plist */ = {isa = PBXFileReference; lastKnownFileType = text.plist.xml; path = Info.plist; sourceTree = "<group>"; };
		365566FA1B84B2F600AA1C20 /* JenkinsDemoTests.m */ = {isa = PBXFileReference; lastKnownFileType = sourcecode.c.objc; path = JenkinsDemoTests.m; sourceTree = "<group>"; };
/* End PBXFileReference section */

/* Begin PBXFrameworksBuildPhase section */
		365566D81B84B2F500AA1C20 /* Frameworks */ = {
			isa = PBXFrameworksBuildPhase;
			buildActionMask = 2147483647;
			files = (
			);
			runOnlyForDeploymentPostprocessing = 0;
		};
		365566F11B84B2F600AA1C20 /* Frameworks */ = {
			isa = PBXFrameworksBuildPhase;
			buildActionMask = 2147483647;
			files = (
			);
			runOnlyForDeploymentPostprocessing = 0;
		};
/* End PBXFrameworksBuildPhase section */

/* Begin PBXGroup section */
		365566D21B84B2F500AA1C20 = {
			isa = PBXGroup;
			children = (
				365566DD1B84B2F600AA1C20 /* JenkinsDemo */,
				365566F71B84B2F600AA1C20 /* JenkinsDemoTests */,
				365566DC1B84B2F600AA1C20 /* Products */,
			);
			sourceTree = "<group>";
		};
		365566DC1B84B2F600AA1C20 /* Products */ = {
			isa = PBXGroup;
			children = (
				365566DB1B84B2F600AA1C20 /* JenkinsDemo.app */,
				365566F41B84B2F600AA1C20 /* JenkinsDemoTests.xctest */,
			);
			name = Products;
			sourceTree = "<group>";
		};
		365566DD1B84B2F600AA1C20 /* JenkinsDemo */ = {
			isa = PBXGroup;
			children = (
				365566E21B84B2F600AA1C20 /* AppDelegate.h */,
				365566E31B84B2F600AA1C20 /* AppDelegate.m */,
				365566E51B84B2F600AA1C20 /* ViewController.h */,
				365566E61B84B2F600AA1C20 /* ViewController.m */,
				365566E81B84B2F600AA1C20 /* Main.storyboard */,
				365566EB1B84B2F600AA1C20 /* Images.xcassets */,
				365566ED1B84B2F600AA1C20 /* LaunchScreen.xib */,
				365566DE1B84B2F600AA1C20 /* Supporting Files */,
			);
			path = JenkinsDemo;
			sourceTree = "<group>";
		};
		365566DE1B84B2F600AA1C20 /* Supporting Files */ = {
			isa = PBXGroup;
			children = (
				365566DF1B84B2F600AA1C20 /* Info.plist */,
				365566E01B84B2F600AA1C20 /* main.m */,
			);
			name = "Supporting Files";
			sourceTree = "<group>";
		};
		365566F71B84B2F600AA1C20 /* JenkinsDemoTests */ = {
			isa = PBXGroup;
			children = (
				365566FA1B84B2F600AA1C20 /* JenkinsDemoTests.m */,
				365566F81B84B2F600AA1C20 /* Supporting Files */,
			);
			path = JenkinsDemoTests;
			sourceTree = "<group>";
		};
		365566F81B84B2F600AA1C20 /* Supporting Files */ = {
			isa = PBXGroup;
			children = (
				365566F91B84B2F600AA1C20 /* Info.plist */,
			);
			name = "Supporting Files";
			sourceTree = "<group>";
		};
/* End PBXGroup section */

/* Begin PBXNativeTarget section */
		365566DA1B84B2F500AA1C20 /* JenkinsDemo */ = {
			isa = PBXNativeTarget;
			buildConfigurationList = 365566FE1B84B2F600AA1C20 /* Build configuration list for PBXNativeTarget "JenkinsDemo" */;
			buildPhases = (
				365566D71B84B2F500AA1C20 /* Sources */,
				365566D81B84B2F500AA1C20 /* Frameworks */,
				365566D91B84B2F500AA1C20 /* Resources */,
			);
			buildRules = (
			);
			dependencies = (
			);
			name = JenkinsDemo;
			productName = JenkinsDemo;
			productReference = 365566DB1B84B2F600AA1C20 /* JenkinsDemo.app */;
			productType = "com.apple.product-type.application";
		};
		365566F31B84B2F600AA1C20 /* JenkinsDemoTests */ = {
			isa = PBXNativeTarget;
			buildConfigurationList = 365567011B84B2F600AA1C20 /* Build configuration list for PBXNativeTarget "JenkinsDemoTests" */;
			buildPhases = (
				365566F01B84B2F600AA1C20 /* Sources */,
				365566F11B84B2F600AA1C20 /* Frameworks */,
				365566F21B84B2F600AA1C20 /* Resources */,
			);
			buildRules = (
			);
			dependencies = (
				365566F61B84B2F600AA1C20 /* PBXTargetDependency */,
			);
			name = JenkinsDemoTests;
			productName = JenkinsDemoTests;
			productReference = 365566F41B84B2F600AA1C20 /* JenkinsDemoTests.xctest */;
			productType = "com.apple.product-type.bundle.unit-test";
		};
/* End PBXNativeTarget section */

/* Begin PBXProject section */
		365566D31B84B2F500AA1C20 /* Project object */ = {
			isa = PBXProject;
			attributes = {
				LastUpgradeCheck = 0640;
				ORGANIZATIONNAME = majian;
				TargetAttributes = {
					365566DA1B84B2F500AA1C20 = {
						CreatedOnToolsVersion = 6.4;
					};
					365566F31B84B2F600AA1C20 = {
						CreatedOnToolsVersion = 6.4;
						TestTargetID = 365566DA1B84B2F500AA1C20;
					};
				};
			};
			buildConfigurationList = 365566D61B84B2F500AA1C20 /* Build configuration list for PBXProject "JenkinsDemo" */;
			compatibilityVersion = "Xcode 3.2";
			developmentRegion = English;
			hasScannedForEncodings = 0;
			knownRegions = (
				en,
				Base,
			);
			mainGroup = 365566D21B84B2F500AA1C20;
			productRefGroup = 365566DC1B84B2F600AA1C20 /* Products */;
			projectDirPath = "";
			projectRoot = "";
			targets = (
				365566DA1B84B2F500AA1C20 /* JenkinsDemo */,
				365566F31B84B2F600AA1C20 /* JenkinsDemoTests */,
			);
		};
/* End PBXProject section */

/* Begin PBXResourcesBuildPhase section */
		365566D91B84B2F500AA1C20 /* Resources */ = {
			isa = PBXResourcesBuildPhase;
			buildActionMask = 2147483647;
			files = (
				365566EA1B84B2F600AA1C20 /* Main.storyboard in Resources */,
				365566EF1B84B2F600AA1C20 /* LaunchScreen.xib in Resources */,
				365566EC1B84B2F600AA1C20 /* Images.xcassets in Resources */,
			);
			runOnlyForDeploymentPostprocessing = 0;
		};
		365566F21B84B2F600AA1C20 /* Resources */ = {
			isa = PBXResourcesBuildPhase;
			buildActionMask = 2147483647;
			files = (
			);
			runOnlyForDeploymentPostprocessing = 0;
		};
/* End PBXResourcesBuildPhase section */

/* Begin PBXSourcesBuildPhase section */
		365566D71B84B2F500AA1C20 /* Sources */ = {
			isa = PBXSourcesBuildPhase;
			buildActionMask = 2147483647;
			files = (
				365566E71B84B2F600AA1C20 /* ViewController.m in Sources */,
				365566E41B84B2F600AA1C20 /* AppDelegate.m in Sources */,
				365566E11B84B2F600AA1C20 /* main.m in Sources */,
			);
			runOnlyForDeploymentPostprocessing = 0;
		};
		365566F01B84B2F600AA1C20 /* Sources */ = {
			isa = PBXSourcesBuildPhase;
			buildActionMask = 2147483647;
			files = (
				365566FB1B84B2F600AA1C20 /* JenkinsDemoTests.m in Sources */,
			);
			runOnlyForDeploymentPostprocessing = 0;
		};
/* End PBXSourcesBuildPhase section */

/* Begin PBXTargetDependency section */
		365566F61B84B2F600AA1C20 /* PBXTargetDependency */ = {
			isa = PBXTargetDependency;
			target = 365566DA1B84B2F500AA1C20 /* JenkinsDemo */;
			targetProxy = 365566F51B84B2F600AA1C20 /* PBXContainerItemProxy */;
		};
/* End PBXTargetDependency section */

/* Begin PBXVariantGroup section */
		365566E81B84B2F600AA1C20 /* Main.storyboard */ = {
			isa = PBXVariantGroup;
			children = (
				365566E91B84B2F600AA1C20 /* Base */,
			);
			name = Main.storyboard;
			sourceTree = "<group>";
		};
		365566ED1B84B2F600AA1C20 /* LaunchScreen.xib */ = {
			isa = PBXVariantGroup;
			children = (
				365566EE1B84B2F600AA1C20 /* Base */,
			);
			name = LaunchScreen.xib;
			sourceTree = "<group>";
		};
/* End PBXVariantGroup section */

/* Begin XCBuildConfiguration section */
		365566FC1B84B2F600AA1C20 /* Debug */ = {
			isa = XCBuildConfiguration;
			buildSettings = {
				ALWAYS_SEARCH_USER_PATHS = NO;
				CLANG_CXX_LANGUAGE_STANDARD = "gnu++0x";
				CLANG_CXX_LIBRARY = "libc++";
				CLANG_ENABLE_MODULES = YES;
				CLANG_ENABLE_OBJC_ARC = YES;
				CLANG_WARN_BOOL_CONVERSION = YES;
				CLANG_WARN_CONSTANT_CONVERSION = YES;
				CLANG_WARN_DIRECT_OBJC_ISA_USAGE = YES_ERROR;
				CLANG_WARN_EMPTY_BODY = YES;
				CLANG_WARN_ENUM_CONVERSION = YES;
				CLANG_WARN_INT_CONVERSION = YES;
				CLANG_WARN_OBJC_ROOT_CLASS = YES_ERROR;
				CLANG_WARN_UNREACHABLE_CODE = YES;
				CLANG_WARN__DUPLICATE_METHOD_MATCH = YES;
				"CODE_SIGN_IDENTITY[sdk=iphoneos*]" = "iPhone Developer";
				COPY_PHASE_STRIP = NO;
				DEBUG_INFORMATION_FORMAT = "dwarf-with-dsym";
				ENABLE_STRICT_OBJC_MSGSEND = YES;
				GCC_C_LANGUAGE_STANDARD = gnu99;
				GCC_DYNAMIC_NO_PIC = NO;
				GCC_NO_COMMON_BLOCKS = YES;
				GCC_OPTIMIZATION_LEVEL = 0;
				GCC_PREPROCESSOR_DEFINITIONS = (
					"DEBUG=1",
					"$(inherited)",
				);
				GCC_SYMBOLS_PRIVATE_EXTERN = NO;
				GCC_WARN_64_TO_32_BIT_CONVERSION = YES;
				GCC_WARN_ABOUT_RETURN_TYPE = YES_ERROR;
				GCC_WARN_UNDECLARED_SELECTOR = YES;
				GCC_WARN_UNINITIALIZED_AUTOS = YES_AGGRESSIVE;
				GCC_WARN_UNUSED_FUNCTION = YES;
				GCC_WARN_UNUSED_VARIABLE = YES;
				IPHONEOS_DEPLOYMENT_TARGET = 8.4;
				MTL_ENABLE_DEBUG_INFO = YES;
				ONLY_ACTIVE_ARCH = YES;
				SDKROOT = iphoneos;
			};
			name = Debug;
		};
		365566FD1B84B2F600AA1C20 /* Release */ = {
			isa = XCBuildConfiguration;
			buildSettings = {
				ALWAYS_SEARCH_USER_PATHS = NO;
				CLANG_CXX_LANGUAGE_STANDARD = "gnu++0x";
				CLANG_CXX_LIBRARY = "libc++";
				CLANG_ENABLE_MODULES = YES;
				CLANG_ENABLE_OBJC_ARC = YES;
				CLANG_WARN_BOOL_CONVERSION = YES;
				CLANG_WARN_CONSTANT_CONVERSION = YES;
				CLANG_WARN_DIRECT_OBJC_ISA_USAGE = YES_ERROR;
				CLANG_WARN_EMPTY_BODY = YES;
				CLANG_WARN_ENUM_CONVERSION = YES;
				CLANG_WARN_INT_CONVERSION = YES;
				CLANG_WARN_OBJC_ROOT_CLASS = YES_ERROR;
				CLANG_WARN_UNREACHABLE_CODE = YES;
				CLANG_WARN__DUPLICATE_METHOD_MATCH = YES;
				"CODE_SIGN_IDENTITY[sdk=iphoneos*]" = "iPhone Developer";
				COPY_PHASE_STRIP = NO;
				DEBUG_INFORMATION_FORMAT = "dwarf-with-dsym";
				ENABLE_NS_ASSERTIONS = NO;
				ENABLE_STRICT_OBJC_MSGSEND = YES;
				GCC_C_LANGUAGE_STANDARD = gnu99;
				GCC_NO_COMMON_BLOCKS = YES;
				GCC_WARN_64_TO_32_BIT_CONVERSION = YES;
				GCC_WARN_ABOUT_RETURN_TYPE = YES_ERROR;
				GCC_WARN_UNDECLARED_SELECTOR = YES;
				GCC_WARN_UNINITIALIZED_AUTOS = YES_AGGRESSIVE;
				GCC_WARN_UNUSED_FUNCTION = YES;
				GCC_WARN_UNUSED_VARIABLE = YES;
				IPHONEOS_DEPLOYMENT_TARGET = 8.4;
				MTL_ENABLE_DEBUG_INFO = NO;
				SDKROOT = iphoneos;
				VALIDATE_PRODUCT = YES;
			};
			name = Release;
		};
		365566FF1B84B2F600AA1C20 /* Debug */ = {
			isa = XCBuildConfiguration;
			buildSettings = {
				ASSETCATALOG_COMPILER_APPICON_NAME = AppIcon;
				INFOPLIST_FILE = JenkinsDemo/Info.plist;
				LD_RUNPATH_SEARCH_PATHS = "$(inherited) @executable_path/Frameworks";
				PRODUCT_NAME = "$(TARGET_NAME)";
			};
			name = Debug;
		};
		365567001B84B2F600AA1C20 /* Release */ = {
			isa = XCBuildConfiguration;
			buildSettings = {
				ASSETCATALOG_COMPILER_APPICON_NAME = AppIcon;
				INFOPLIST_FILE = JenkinsDemo/Info.plist;
				LD_RUNPATH_SEARCH_PATHS = "$(inherited) @executable_path/Frameworks";
				PRODUCT_NAME = "$(TARGET_NAME)";
			};
			name = Release;
		};
		365567021B84B2F600AA1C20 /* Debug */ = {
			isa = XCBuildConfiguration;
			buildSettings = {
				BUNDLE_LOADER = "$(TEST_HOST)";
				FRAMEWORK_SEARCH_PATHS = (
					"$(SDKROOT)/Developer/Library/Frameworks",
					"$(inherited)",
				);
				GCC_PREPROCESSOR_DEFINITIONS = (
					"DEBUG=1",
					"$(inherited)",
				);
				INFOPLIST_FILE = JenkinsDemoTests/Info.plist;
				LD_RUNPATH_SEARCH_PATHS = "$(inherited) @executable_path/Frameworks @loader_path/Frameworks";
				PRODUCT_NAME = "$(TARGET_NAME)";
				TEST_HOST = "$(BUILT_PRODUCTS_DIR)/JenkinsDemo.app/JenkinsDemo";
			};
			name = Debug;
		};
		365567031B84B2F600AA1C20 /* Release */ = {
			isa = XCBuildConfiguration;
			buildSettings = {
				BUNDLE_LOADER = "$(TEST_HOST)";
				FRAMEWORK_SEARCH_PATHS = (
					"$(SDKROOT)/Developer/Library/Frameworks",
					"$(inherited)",
				);
				INFOPLIST_FILE = JenkinsDemoTests/Info.plist;
				LD_RUNPATH_SEARCH_PATHS = "$(inherited) @executable_path/Frameworks @loader_path/Frameworks";
				PRODUCT_NAME = "$(TARGET_NAME)";
				TEST_HOST = "$(BUILT_PRODUCTS_DIR)/JenkinsDemo.app/JenkinsDemo";
			};
			name = Release;
		};
/* End XCBuildConfiguration section */

/* Begin XCConfigurationList section */
		365566D61B84B2F500AA1C20 /* Build configuration list for PBXProject "JenkinsDemo" */ = {
			isa = XCConfigurationList;
			buildConfigurations = (
				365566FC1B84B2F600AA1C20 /* Debug */,
				365566FD1B84B2F600AA1C20 /* Release */,
			);
			defaultConfigurationIsVisible = 0;
			defaultConfigurationName = Release;
		};
		365566FE1B84B2F600AA1C20 /* Build configuration list for PBXNativeTarget "JenkinsDemo" */ = {
			isa = XCConfigurationList;
			buildConfigurations = (
				365566FF1B84B2F600AA1C20 /* Debug */,
				365567001B84B2F600AA1C20 /* Release */,
			);
			defaultConfigurationIsVisible = 0;
		};
		365567011B84B2F600AA1C20 /* Build configuration list for PBXNativeTarget "JenkinsDemoTests" */ = {
			isa = XCConfigurationList;
			buildConfigurations = (
				365567021B84B2F600AA1C20 /* Debug */,
				365567031B84B2F600AA1C20 /* Release */,
			);
			defaultConfigurationIsVisible = 0;
		};
/* End XCConfigurationList section */
	};
	rootObject = 365566D31B84B2F500AA1C20 /* Project object */;
}
